
Microsoft Visual Studio Solution File, Format Version 12.00
# Visual Studio Version 17
VisualStudioVersion = 17.3.32929.385
MinimumVisualStudioVersion = 10.0.40219.1
Project("{FAE04EC0-301F-11D3-BF4B-00C04F79EFBC}") = "LuaRun", "LuaRun\LuaRun.csproj", "{4F11D7C9-9EA8-4D6C-BC64-B772636D345F}"
EndProject
Global
	GlobalSection(SolutionConfigurationPlatforms) = preSolution
		Debug|Any CPU = Debug|Any CPU
		Release|Any CPU = Release|Any CPU
	EndGlobalSection
	GlobalSection(ProjectConfigurationPlatforms) = postSolution
		{4F11D7C9-9EA8-4D6C-BC64-B772636D345F}.Debug|Any CPU.ActiveCfg = Debug|Any CPU
		{4F11D7C9-9EA8-4D6C-BC64-B772636D345F}.Debug|Any CPU.Build.0 = Debug|Any CPU
		{4F11D7C9-9EA8-4D6C-BC64-B772636D345F}.Release|Any CPU.ActiveCfg = Release|Any CPU
		{4F11D7C9-9EA8-4D6C-BC64-B772636D345F}.Release|Any CPU.Build.0 = Release|Any CPU
	EndGlobalSection
	GlobalSection(SolutionProperties) = preSolution
		HideSolutionNode = FALSE
	EndGlobalSection
	GlobalSection(ExtensibilityGlobals) = postSolution
		SolutionGuid = {96C45AA8-0237-4DF8-9C11-7EBCB2F1D1CC}
	EndGlobalSection
EndGlobal
